{
   "name": "complex-number-calculator",
   "version": "1.0.0",
   "lockfileVersion": 3,
   "requires": true,
   "packages": {
      "": {
         "name": "complex-number-calculator",
         "version": "1.0.0",
         "license": "ISC",
         "dependencies": {
            "calculator": "file:../calculator-with-dependency-injection",
            "complex_number": "file:../../../projects/js/april/complex-number-assignment"
         }
      },
      "../../../projects/js/april/complex-number-assignment": {
         "version": "1.0.0",
         "license": "ISC"
      },
      "../calculator-with-dependency-injection": {
         "name": "calculator",
         "version": "1.0.0",
         "license": "ISC"
      },
      "node_modules/calculator": {
         "resolved": "../calculator-with-dependency-injection",
         "link": true
      },
      "node_modules/complex_number": {
         "resolved": "../../../projects/js/april/complex-number-assignment",
         "link": true
      }
   }
}
