Microsoft Visual Studio Solution File, Format Version 12.00
# Visual Studio Version 17
VisualStudioVersion = 17.5.2.0
MinimumVisualStudioVersion = 10.0.40219.1
Project("{FAE04EC0-301F-11D3-BF4B-00C04F79EFBC}") = "async-samples", "async-samples.csproj", "{04EDFC00-7D3C-DCE0-3843-BCAF5FB7FBE7}"
EndProject
Global
	GlobalSection(SolutionConfigurationPlatforms) = preSolution
		Debug|Any CPU = Debug|Any CPU
		Release|Any CPU = Release|Any CPU
	EndGlobalSection
	GlobalSection(ProjectConfigurationPlatforms) = postSolution
		{04EDFC00-7D3C-DCE0-3843-BCAF5FB7FBE7}.Debug|Any CPU.ActiveCfg = Debug|Any CPU
		{04EDFC00-7D3C-DCE0-3843-BCAF5FB7FBE7}.Debug|Any CPU.Build.0 = Debug|Any CPU
		{04EDFC00-7D3C-DCE0-3843-BCAF5FB7FBE7}.Release|Any CPU.ActiveCfg = Release|Any CPU
		{04EDFC00-7D3C-DCE0-3843-BCAF5FB7FBE7}.Release|Any CPU.Build.0 = Release|Any CPU
	EndGlobalSection
	GlobalSection(SolutionProperties) = preSolution
		HideSolutionNode = FALSE
	EndGlobalSection
	GlobalSection(ExtensibilityGlobals) = postSolution
		SolutionGuid = {49703716-61AA-4F76-8A6C-59774B799A70}
	EndGlobalSection
EndGlobal
